# THIS IS AN AUTOGENERATED FILE. DO NOT EDIT THIS FILE DIRECTLY.
# yarn lockfile v1


bintrees@1.0.1:
  version "1.0.1"
  resolved "https://artifactory.euw.platformservices.io/artifactory/api/npm/sbg-trading-npm/bintrees/-/bintrees-1.0.1.tgz#0e655c9b9c2435eaab68bf4027226d2b55a34524"
  integrity sha1-DmVcm5wkNeqraL9AJyJtK1WjRSQ=

sample-distribution@^0.1.1:
  version "0.1.1"
  resolved "https://artifactory.euw.platformservices.io/artifactory/api/npm/sbg-trading-npm/sample-distribution/-/sample-distribution-0.1.1.tgz#e08660950ced8610036af8ff4c50c9d4ff09450b"
  integrity sha1-4IZglQzthhADavj/TFDJ1P8JRQs=

tdigest@^0.1.1:
  version "0.1.1"
  resolved "https://artifactory.euw.platformservices.io/artifactory/api/npm/sbg-trading-npm/tdigest/-/tdigest-0.1.1.tgz#2e3cb2c39ea449e55d1e6cd91117accca4588021"
  integrity sha1-Ljyyw56kSeVdHmzZEReszKRYgCE=
  dependencies:
    bintrees "1.0.1"
